{
  "nodes": {
    "flake-compat": {
      "locked": {
        "lastModified": 1751685974,
        "narHash": "sha256-NKw96t+BgHIYzHUjkTK95FqYRVKB8DHpVhefWSz/kTw=",
        "rev": "549f2762aebeff29a2e5ece7a7dc0f955281a1d1",
        "type": "tarball",
        "url": "https://git.lix.systems/api/v1/repos/lix-project/flake-compat/archive/549f2762aebeff29a2e5ece7a7dc0f955281a1d1.tar.gz"
      },
      "original": {
        "type": "tarball",
        "url": "https://git.lix.systems/lix-project/flake-compat/archive/main.tar.gz"
      }
    },
    "flake-parts": {
      "inputs": {
        "nixpkgs-lib": [
          "nightly",
          "nixpkgs"
        ]
      },
      "locked": {
        "lastModified": 1772408722,
        "narHash": "sha256-rHuJtdcOjK7rAHpHphUb1iCvgkU3GpfvicLMwwnfMT0=",
        "owner": "hercules-ci",
        "repo": "flake-parts",
        "rev": "f20dc5d9b8027381c474144ecabc9034d6a839a3",
        "type": "github"
      },
      "original": {
        "owner": "hercules-ci",
        "repo": "flake-parts",
        "type": "github"
      }
    },
    "neovim-src": {
      "flake": false,
      "locked": {
        "lastModified": 1772668450,
        "narHash": "sha256-YGYnYdm2DYbHTb6OZmLExUY/6/ZVC6IUAM3Ydcne8zM=",
        "owner": "neovim",
        "repo": "neovim",
        "rev": "843bc1aa8d1596d8665f36b52ab0447f956016b8",
        "type": "github"
      },
      "original": {
        "owner": "neovim",
        "repo": "neovim",
        "type": "github"
      }
    },
    "nightly": {
      "inputs": {
        "flake-parts": "flake-parts",
        "neovim-src": "neovim-src",
        "nixpkgs": "nixpkgs"
      },
      "locked": {
        "lastModified": 1772669086,
        "narHash": "sha256-w11FPYngGvHJ+F1c+SJ/lAa2lsEzSlIiYNd0s6rLxVQ=",
        "owner": "nix-community",
        "repo": "neovim-nightly-overlay",
        "rev": "76f571b9189d954b39b75fcf95b77029a59b8372",
        "type": "github"
      },
      "original": {
        "owner": "nix-community",
        "repo": "neovim-nightly-overlay",
        "type": "github"
      }
    },
    "nixpkgs": {
      "locked": {
        "lastModified": 1772643971,
        "narHash": "sha256-+bllfMsclzbAAPMZTm3K9G/a5lG+s6l18/AyyYLPSIE=",
        "owner": "NixOS",
        "repo": "nixpkgs",
        "rev": "400de68cd101e8cfebffea121397683caf7f5a34",
        "type": "github"
      },
      "original": {
        "owner": "NixOS",
        "ref": "nixpkgs-unstable",
        "repo": "nixpkgs",
        "type": "github"
      }
    },
    "nixpkgs_2": {
      "locked": {
        "lastModified": 1772643971,
        "narHash": "sha256-+bllfMsclzbAAPMZTm3K9G/a5lG+s6l18/AyyYLPSIE=",
        "owner": "nixos",
        "repo": "nixpkgs",
        "rev": "400de68cd101e8cfebffea121397683caf7f5a34",
        "type": "github"
      },
      "original": {
        "owner": "nixos",
        "ref": "nixpkgs-unstable",
        "repo": "nixpkgs",
        "type": "github"
      }
    },
    "root": {
      "inputs": {
        "flake-compat": "flake-compat",
        "nightly": "nightly",
        "nixpkgs": "nixpkgs_2"
      }
    }
  },
  "root": "root",
  "version": 7
}
